
Microsoft Visual Studio Solution File, Format Version 12.00
# Visual Studio 14
VisualStudioVersion = 14.0.25123.0
MinimumVisualStudioVersion = 10.0.40219.1
Project("{E24C65DC-7377-472B-9ABA-BC803B73C61A}") = "AdminWeb", ".", "{D9543887-D924-4D35-981C-290D21015B86}"
	ProjectSection(WebsiteProperties) = preProject
		TargetFrameworkMoniker = ".NETFramework,Version%3Dv3.5"
		Debug.AspNetCompiler.VirtualPath = "/luckypalace"
		Debug.AspNetCompiler.PhysicalPath = "..\AdminWeb\"
		Debug.AspNetCompiler.TargetPath = "..\PrecompiledWeb\luckypalace\"
		Debug.AspNetCompiler.Updateable = "true"
		Debug.AspNetCompiler.ForceOverwrite = "true"
		Debug.AspNetCompiler.FixedNames = "false"
		Debug.AspNetCompiler.Debug = "True"
		Release.AspNetCompiler.VirtualPath = "/luckypalace"
		Release.AspNetCompiler.PhysicalPath = "..\AdminWeb\"
		Release.AspNetCompiler.TargetPath = "..\PrecompiledWeb\luckypalace\"
		Release.AspNetCompiler.Updateable = "true"
		Release.AspNetCompiler.ForceOverwrite = "true"
		Release.AspNetCompiler.FixedNames = "false"
		Release.AspNetCompiler.Debug = "False"
		VWDPort = "4713"
		VWDVirtualPath = "/"
	EndProjectSection
EndProject
Global
	GlobalSection(SolutionConfigurationPlatforms) = preSolution
		Debug|.NET = Debug|.NET
	EndGlobalSection
	GlobalSection(ProjectConfigurationPlatforms) = postSolution
		{D9543887-D924-4D35-981C-290D21015B86}.Debug|.NET.ActiveCfg = Debug|Any CPU
		{D9543887-D924-4D35-981C-290D21015B86}.Debug|.NET.Build.0 = Debug|Any CPU
	EndGlobalSection
	GlobalSection(SolutionProperties) = preSolution
		HideSolutionNode = FALSE
	EndGlobalSection
EndGlobal
